
Microsoft Visual Studio Solution File, Format Version 12.00
# Visual Studio 2012
Project("{FAE04EC0-301F-11D3-BF4B-00C04F79EFBC}") = "Chsword.JDynamic", "Chsword.JDynamic\Chsword.JDynamic.csproj", "{C84A2B73-492D-4A3E-A1D9-323C6F6BA4C2}"
EndProject
Project("{FAE04EC0-301F-11D3-BF4B-00C04F79EFBC}") = "Chsword.JDynamic.Test", "Chsword.JDynamic.Test\Chsword.JDynamic.Test.csproj", "{17980AC4-257D-46A3-A5E3-2B17B668EDAC}"
EndProject
Global
	GlobalSection(TeamFoundationVersionControl) = preSolution
		SccNumberOfProjects = 3
		SccEnterpriseProvider = {4CA58AB2-18FA-4F8D-95D4-32DDF27D184C}
		SccTeamFoundationServer = https://tfs.codeplex.com/tfs/tfs05
		SccLocalPath0 = .
		SccProjectUniqueName1 = Chsword.JDynamic.Test\\Chsword.JDynamic.Test.csproj
		SccProjectName1 = Chsword.JDynamic.Test
		SccLocalPath1 = Chsword.JDynamic.Test
		SccProjectUniqueName2 = Chsword.JDynamic\\Chsword.JDynamic.csproj
		SccProjectName2 = Chsword.JDynamic
		SccLocalPath2 = Chsword.JDynamic
	EndGlobalSection
	GlobalSection(SolutionConfigurationPlatforms) = preSolution
		Debug|Any CPU = Debug|Any CPU
		Release|Any CPU = Release|Any CPU
	EndGlobalSection
	GlobalSection(ProjectConfigurationPlatforms) = postSolution
		{C84A2B73-492D-4A3E-A1D9-323C6F6BA4C2}.Debug|Any CPU.ActiveCfg = Debug|Any CPU
		{C84A2B73-492D-4A3E-A1D9-323C6F6BA4C2}.Debug|Any CPU.Build.0 = Debug|Any CPU
		{C84A2B73-492D-4A3E-A1D9-323C6F6BA4C2}.Release|Any CPU.ActiveCfg = Release|Any CPU
		{C84A2B73-492D-4A3E-A1D9-323C6F6BA4C2}.Release|Any CPU.Build.0 = Release|Any CPU
		{17980AC4-257D-46A3-A5E3-2B17B668EDAC}.Debug|Any CPU.ActiveCfg = Debug|Any CPU
		{17980AC4-257D-46A3-A5E3-2B17B668EDAC}.Debug|Any CPU.Build.0 = Debug|Any CPU
		{17980AC4-257D-46A3-A5E3-2B17B668EDAC}.Release|Any CPU.ActiveCfg = Release|Any CPU
		{17980AC4-257D-46A3-A5E3-2B17B668EDAC}.Release|Any CPU.Build.0 = Release|Any CPU
	EndGlobalSection
	GlobalSection(SolutionProperties) = preSolution
		HideSolutionNode = FALSE
	EndGlobalSection
EndGlobal
